
Microsoft Visual Studio Solution File, Format Version 12.00
# Visual Studio Version 17
VisualStudioVersion = 17.2.32630.192
MinimumVisualStudioVersion = 10.0.40219.1
Project("{FAE04EC0-301F-11D3-BF4B-00C04F79EFBC}") = "SharpCarcassonneProject", "SharpCarcassonneProject\SharpCarcassonneProject.csproj", "{AE453746-356A-45B9-A37A-509E99704546}"
EndProject
Global
	GlobalSection(SolutionConfigurationPlatforms) = preSolution
		Debug|Any CPU = Debug|Any CPU
		Release|Any CPU = Release|Any CPU
	EndGlobalSection
	GlobalSection(ProjectConfigurationPlatforms) = postSolution
		{AE453746-356A-45B9-A37A-509E99704546}.Debug|Any CPU.ActiveCfg = Debug|Any CPU
		{AE453746-356A-45B9-A37A-509E99704546}.Debug|Any CPU.Build.0 = Debug|Any CPU
		{AE453746-356A-45B9-A37A-509E99704546}.Release|Any CPU.ActiveCfg = Release|Any CPU
		{AE453746-356A-45B9-A37A-509E99704546}.Release|Any CPU.Build.0 = Release|Any CPU
	EndGlobalSection
	GlobalSection(SolutionProperties) = preSolution
		HideSolutionNode = FALSE
	EndGlobalSection
	GlobalSection(ExtensibilityGlobals) = postSolution
		SolutionGuid = {0DE1D46A-6E3A-490F-8447-205B8F19751F}
	EndGlobalSection
EndGlobal
